
Microsoft Visual Studio Solution File, Format Version 12.00
# Visual Studio 15
VisualStudioVersion = 15.0.27703.2042
MinimumVisualStudioVersion = 10.0.40219.1
Project("{FAE04EC0-301F-11D3-BF4B-00C04F79EFBC}") = "SlimeGrower", "SlimeGrower\SlimeGrower.csproj", "{2C48D6F8-7F2B-4A19-80D8-05F9F0D86A90}"
EndProject
Global
	GlobalSection(SolutionConfigurationPlatforms) = preSolution
		Debug|Any CPU = Debug|Any CPU
		Release|Any CPU = Release|Any CPU
	EndGlobalSection
	GlobalSection(ProjectConfigurationPlatforms) = postSolution
		{2C48D6F8-7F2B-4A19-80D8-05F9F0D86A90}.Debug|Any CPU.ActiveCfg = Debug|Any CPU
		{2C48D6F8-7F2B-4A19-80D8-05F9F0D86A90}.Debug|Any CPU.Build.0 = Debug|Any CPU
		{2C48D6F8-7F2B-4A19-80D8-05F9F0D86A90}.Release|Any CPU.ActiveCfg = Release|Any CPU
		{2C48D6F8-7F2B-4A19-80D8-05F9F0D86A90}.Release|Any CPU.Build.0 = Release|Any CPU
	EndGlobalSection
	GlobalSection(SolutionProperties) = preSolution
		HideSolutionNode = FALSE
	EndGlobalSection
	GlobalSection(ExtensibilityGlobals) = postSolution
		SolutionGuid = {47FE8032-03DE-4AFB-9397-CA58CA706306}
	EndGlobalSection
EndGlobal
